
Microsoft Visual Studio Solution File, Format Version 12.00
# Visual Studio Version 16
VisualStudioVersion = 16.0.33927.289
MinimumVisualStudioVersion = 10.0.40219.1
Project("{2150E333-8FDC-42A3-9474-1A3956D46DE8}") = "Task0", "Task0", "{387773C7-79B2-4D8B-8243-1E683C5289B9}"
EndProject
Project("{FAE04EC0-301F-11D3-BF4B-00C04F79EFBC}") = "Tyuiu.BratsunDA.Sprint5.Task0.V23", "Tyuiu.BratsunDA.Sprint5.Task0.V23\Tyuiu.BratsunDA.Sprint5.Task0.V23.csproj", "{96ABF820-A5AB-453A-B1F1-F948BE8385F4}"
EndProject
Project("{FAE04EC0-301F-11D3-BF4B-00C04F79EFBC}") = "Tyuiu.BratsunDA.Sprint5.Task0.V23.Lib", "Tyuiu.BratsunDA.Sprint5.Task0.V23.Lib\Tyuiu.BratsunDA.Sprint5.Task0.V23.Lib.csproj", "{12BDAA31-1D6A-4029-9222-9097381AAED5}"
EndProject
Project("{FAE04EC0-301F-11D3-BF4B-00C04F79EFBC}") = "Tyuiu.BratsunDA.Sprint5.Task0.V23.Test", "Tyuiu.BratsunDA.Sprint5.Task0.V23.Test\Tyuiu.BratsunDA.Sprint5.Task0.V23.Test.csproj", "{594B044F-404C-40E0-833D-067BF44CCC21}"
EndProject
Project("{2150E333-8FDC-42A3-9474-1A3956D46DE8}") = "Task1", "Task1", "{4389529E-E392-46E4-A909-D5B86770A677}"
EndProject
Project("{FAE04EC0-301F-11D3-BF4B-00C04F79EFBC}") = "Tyuiu.BratsunDA.Sprint5.Task1.V1", "Tyuiu.BratsunDA.Sprint5.Task1.V1\Tyuiu.BratsunDA.Sprint5.Task1.V1.csproj", "{8A92CF04-1E53-4E4F-8F1B-A6967ECA770B}"
EndProject
Project("{FAE04EC0-301F-11D3-BF4B-00C04F79EFBC}") = "Tyuiu.BratsunDA.Sprint5.Task1.V1.Lib", "Tyuiu.BratsunDA.Sprint5.Task1.V1.Lib\Tyuiu.BratsunDA.Sprint5.Task1.V1.Lib.csproj", "{6926392B-8E42-4FA3-9FF8-0D63902D8ADB}"
EndProject
Project("{FAE04EC0-301F-11D3-BF4B-00C04F79EFBC}") = "Tyuiu.BratsunDA.Sprint5.Task1.V1.Test", "Tyuiu.BratsunDA.Sprint5.Task1.V1.Test\Tyuiu.BratsunDA.Sprint5.Task1.V1.Test.csproj", "{6C7F7E8B-EA1A-4AC3-B37A-3F1F44C8C9A6}"
EndProject
Project("{2150E333-8FDC-42A3-9474-1A3956D46DE8}") = "Task2", "Task2", "{1E2C6822-D336-42A6-969D-B24BD94928C8}"
EndProject
Project("{FAE04EC0-301F-11D3-BF4B-00C04F79EFBC}") = "Tyuiu.BratsunDA.Sprint5.Task2.V14", "Tyuiu.BratsunDA.Sprint5.Task2.V14\Tyuiu.BratsunDA.Sprint5.Task2.V14.csproj", "{6A562D77-71F0-49AA-B2C7-CA210D01556B}"
EndProject
Project("{FAE04EC0-301F-11D3-BF4B-00C04F79EFBC}") = "Tyuiu.BratsunDA.Sprint5.Task2.V14.Lib", "Tyuiu.BratsunDA.Sprint5.Task2.V14.Lib\Tyuiu.BratsunDA.Sprint5.Task2.V14.Lib.csproj", "{C94B03CE-024F-477F-B89F-01E323AB64A2}"
EndProject
Project("{FAE04EC0-301F-11D3-BF4B-00C04F79EFBC}") = "Tyuiu.BratsunDA.Sprint5.Task2.V14.Test", "Tyuiu.BratsunDA.Sprint5.Task2.V14.Test\Tyuiu.BratsunDA.Sprint5.Task2.V14.Test.csproj", "{C22D39B4-FECC-4051-9A04-013FEBE44952}"
EndProject
Project("{2150E333-8FDC-42A3-9474-1A3956D46DE8}") = "Task3", "Task3", "{52782BD6-D316-498D-802C-617C77F8F781}"
EndProject
Project("{FAE04EC0-301F-11D3-BF4B-00C04F79EFBC}") = "Tyuiu.BratsunDA.Sprint5.Task3.V24", "Tyuiu.BratsunDA.Sprint5.Task3.V24\Tyuiu.BratsunDA.Sprint5.Task3.V24.csproj", "{63DCBA75-C0ED-462B-83CB-8699B3E454F7}"
EndProject
Project("{FAE04EC0-301F-11D3-BF4B-00C04F79EFBC}") = "Tyuiu.BratsunDA.Sprint5.Task3.V24.Lib", "Tyuiu.BratsunDA.Sprint5.Task3.V24.Lib\Tyuiu.BratsunDA.Sprint5.Task3.V24.Lib.csproj", "{A03EA97D-6571-4E5E-AB29-D9502D84F449}"
EndProject
Project("{FAE04EC0-301F-11D3-BF4B-00C04F79EFBC}") = "Tyuiu.BratsunDA.Sprint5.Task3.V24.Test", "Tyuiu.BratsunDA.Sprint5.Task3.V24.Test\Tyuiu.BratsunDA.Sprint5.Task3.V24.Test.csproj", "{643FDABB-5880-4DD0-A3CD-C38311AA9F28}"
EndProject
Project("{2150E333-8FDC-42A3-9474-1A3956D46DE8}") = "Task4", "Task4", "{713108E0-E299-4FD2-B486-D5F454A5CB18}"
EndProject
Project("{FAE04EC0-301F-11D3-BF4B-00C04F79EFBC}") = "Tyuiu.BratsunDA.Sprint5.Task4.V20", "Tyuiu.BratsunDA.Sprint5.Task4.V20\Tyuiu.BratsunDA.Sprint5.Task4.V20.csproj", "{BBDBBE0B-F854-474B-82DF-5BC1A609511F}"
EndProject
Project("{FAE04EC0-301F-11D3-BF4B-00C04F79EFBC}") = "Tyuiu.BratsunDA.Sprint5.Task4.V20.Lib", "Tyuiu.BratsunDA.Sprint5.Task4.V20.Lib\Tyuiu.BratsunDA.Sprint5.Task4.V20.Lib.csproj", "{F33C7ABD-B8D8-4D05-9991-A3D5F0C1648F}"
EndProject
Project("{FAE04EC0-301F-11D3-BF4B-00C04F79EFBC}") = "Tyuiu.BratsunDA.Sprint5.Task4.V20.Test", "Tyuiu.BratsunDA.Sprint5.Task4.V20.Test\Tyuiu.BratsunDA.Sprint5.Task4.V20.Test.csproj", "{EC16E662-2B36-44DA-9306-0FCDC8B29AC8}"
EndProject
Project("{2150E333-8FDC-42A3-9474-1A3956D46DE8}") = "Task5", "Task5", "{8F83AAB5-858C-46AC-ABF8-EC93BCAFB08E}"
EndProject
Project("{FAE04EC0-301F-11D3-BF4B-00C04F79EFBC}") = "Tyuiu.BratsunDA.Sprint5.Task5.V19", "Tyuiu.BratsunDA.Sprint5.Task5.V19\Tyuiu.BratsunDA.Sprint5.Task5.V19.csproj", "{F0655F9A-AC94-44AC-ADA0-F4D2C7865A15}"
EndProject
Project("{FAE04EC0-301F-11D3-BF4B-00C04F79EFBC}") = "Tyuiu.BratsunDA.Sprint5.Task5.V19.Lib", "Tyuiu.BratsunDA.Sprint5.Task5.V19.Lib\Tyuiu.BratsunDA.Sprint5.Task5.V19.Lib.csproj", "{A85943C6-E642-4AFC-9795-1615001440C5}"
EndProject
Project("{FAE04EC0-301F-11D3-BF4B-00C04F79EFBC}") = "Tyuiu.BratsunDA.Sprint5.Task5.V19.Test", "Tyuiu.BratsunDA.Sprint5.Task5.V19.Test\Tyuiu.BratsunDA.Sprint5.Task5.V19.Test.csproj", "{E6139FAD-B728-44C7-9B1E-3A70305E8FB9}"
EndProject
Global
	GlobalSection(SolutionConfigurationPlatforms) = preSolution
		Debug|Any CPU = Debug|Any CPU
		Release|Any CPU = Release|Any CPU
	EndGlobalSection
	GlobalSection(ProjectConfigurationPlatforms) = postSolution
		{96ABF820-A5AB-453A-B1F1-F948BE8385F4}.Debug|Any CPU.ActiveCfg = Debug|Any CPU
		{96ABF820-A5AB-453A-B1F1-F948BE8385F4}.Debug|Any CPU.Build.0 = Debug|Any CPU
		{96ABF820-A5AB-453A-B1F1-F948BE8385F4}.Release|Any CPU.ActiveCfg = Release|Any CPU
		{96ABF820-A5AB-453A-B1F1-F948BE8385F4}.Release|Any CPU.Build.0 = Release|Any CPU
		{12BDAA31-1D6A-4029-9222-9097381AAED5}.Debug|Any CPU.ActiveCfg = Debug|Any CPU
		{12BDAA31-1D6A-4029-9222-9097381AAED5}.Debug|Any CPU.Build.0 = Debug|Any CPU
		{12BDAA31-1D6A-4029-9222-9097381AAED5}.Release|Any CPU.ActiveCfg = Release|Any CPU
		{12BDAA31-1D6A-4029-9222-9097381AAED5}.Release|Any CPU.Build.0 = Release|Any CPU
		{594B044F-404C-40E0-833D-067BF44CCC21}.Debug|Any CPU.ActiveCfg = Debug|Any CPU
		{594B044F-404C-40E0-833D-067BF44CCC21}.Debug|Any CPU.Build.0 = Debug|Any CPU
		{594B044F-404C-40E0-833D-067BF44CCC21}.Release|Any CPU.ActiveCfg = Release|Any CPU
		{594B044F-404C-40E0-833D-067BF44CCC21}.Release|Any CPU.Build.0 = Release|Any CPU
		{8A92CF04-1E53-4E4F-8F1B-A6967ECA770B}.Debug|Any CPU.ActiveCfg = Debug|Any CPU
		{8A92CF04-1E53-4E4F-8F1B-A6967ECA770B}.Debug|Any CPU.Build.0 = Debug|Any CPU
		{8A92CF04-1E53-4E4F-8F1B-A6967ECA770B}.Release|Any CPU.ActiveCfg = Release|Any CPU
		{8A92CF04-1E53-4E4F-8F1B-A6967ECA770B}.Release|Any CPU.Build.0 = Release|Any CPU
		{6926392B-8E42-4FA3-9FF8-0D63902D8ADB}.Debug|Any CPU.ActiveCfg = Debug|Any CPU
		{6926392B-8E42-4FA3-9FF8-0D63902D8ADB}.Debug|Any CPU.Build.0 = Debug|Any CPU
		{6926392B-8E42-4FA3-9FF8-0D63902D8ADB}.Release|Any CPU.ActiveCfg = Release|Any CPU
		{6926392B-8E42-4FA3-9FF8-0D63902D8ADB}.Release|Any CPU.Build.0 = Release|Any CPU
		{6C7F7E8B-EA1A-4AC3-B37A-3F1F44C8C9A6}.Debug|Any CPU.ActiveCfg = Debug|Any CPU
		{6C7F7E8B-EA1A-4AC3-B37A-3F1F44C8C9A6}.Debug|Any CPU.Build.0 = Debug|Any CPU
		{6C7F7E8B-EA1A-4AC3-B37A-3F1F44C8C9A6}.Release|Any CPU.ActiveCfg = Release|Any CPU
		{6C7F7E8B-EA1A-4AC3-B37A-3F1F44C8C9A6}.Release|Any CPU.Build.0 = Release|Any CPU
		{6A562D77-71F0-49AA-B2C7-CA210D01556B}.Debug|Any CPU.ActiveCfg = Debug|Any CPU
		{6A562D77-71F0-49AA-B2C7-CA210D01556B}.Debug|Any CPU.Build.0 = Debug|Any CPU
		{6A562D77-71F0-49AA-B2C7-CA210D01556B}.Release|Any CPU.ActiveCfg = Release|Any CPU
		{6A562D77-71F0-49AA-B2C7-CA210D01556B}.Release|Any CPU.Build.0 = Release|Any CPU
		{C94B03CE-024F-477F-B89F-01E323AB64A2}.Debug|Any CPU.ActiveCfg = Debug|Any CPU
		{C94B03CE-024F-477F-B89F-01E323AB64A2}.Debug|Any CPU.Build.0 = Debug|Any CPU
		{C94B03CE-024F-477F-B89F-01E323AB64A2}.Release|Any CPU.ActiveCfg = Release|Any CPU
		{C94B03CE-024F-477F-B89F-01E323AB64A2}.Release|Any CPU.Build.0 = Release|Any CPU
		{C22D39B4-FECC-4051-9A04-013FEBE44952}.Debug|Any CPU.ActiveCfg = Debug|Any CPU
		{C22D39B4-FECC-4051-9A04-013FEBE44952}.Debug|Any CPU.Build.0 = Debug|Any CPU
		{C22D39B4-FECC-4051-9A04-013FEBE44952}.Release|Any CPU.ActiveCfg = Release|Any CPU
		{C22D39B4-FECC-4051-9A04-013FEBE44952}.Release|Any CPU.Build.0 = Release|Any CPU
		{63DCBA75-C0ED-462B-83CB-8699B3E454F7}.Debug|Any CPU.ActiveCfg = Debug|Any CPU
		{63DCBA75-C0ED-462B-83CB-8699B3E454F7}.Debug|Any CPU.Build.0 = Debug|Any CPU
		{63DCBA75-C0ED-462B-83CB-8699B3E454F7}.Release|Any CPU.ActiveCfg = Release|Any CPU
		{63DCBA75-C0ED-462B-83CB-8699B3E454F7}.Release|Any CPU.Build.0 = Release|Any CPU
		{A03EA97D-6571-4E5E-AB29-D9502D84F449}.Debug|Any CPU.ActiveCfg = Debug|Any CPU
		{A03EA97D-6571-4E5E-AB29-D9502D84F449}.Debug|Any CPU.Build.0 = Debug|Any CPU
		{A03EA97D-6571-4E5E-AB29-D9502D84F449}.Release|Any CPU.ActiveCfg = Release|Any CPU
		{A03EA97D-6571-4E5E-AB29-D9502D84F449}.Release|Any CPU.Build.0 = Release|Any CPU
		{643FDABB-5880-4DD0-A3CD-C38311AA9F28}.Debug|Any CPU.ActiveCfg = Debug|Any CPU
		{643FDABB-5880-4DD0-A3CD-C38311AA9F28}.Debug|Any CPU.Build.0 = Debug|Any CPU
		{643FDABB-5880-4DD0-A3CD-C38311AA9F28}.Release|Any CPU.ActiveCfg = Release|Any CPU
		{643FDABB-5880-4DD0-A3CD-C38311AA9F28}.Release|Any CPU.Build.0 = Release|Any CPU
		{BBDBBE0B-F854-474B-82DF-5BC1A609511F}.Debug|Any CPU.ActiveCfg = Debug|Any CPU
		{BBDBBE0B-F854-474B-82DF-5BC1A609511F}.Debug|Any CPU.Build.0 = Debug|Any CPU
		{BBDBBE0B-F854-474B-82DF-5BC1A609511F}.Release|Any CPU.ActiveCfg = Release|Any CPU
		{BBDBBE0B-F854-474B-82DF-5BC1A609511F}.Release|Any CPU.Build.0 = Release|Any CPU
		{F33C7ABD-B8D8-4D05-9991-A3D5F0C1648F}.Debug|Any CPU.ActiveCfg = Debug|Any CPU
		{F33C7ABD-B8D8-4D05-9991-A3D5F0C1648F}.Debug|Any CPU.Build.0 = Debug|Any CPU
		{F33C7ABD-B8D8-4D05-9991-A3D5F0C1648F}.Release|Any CPU.ActiveCfg = Release|Any CPU
		{F33C7ABD-B8D8-4D05-9991-A3D5F0C1648F}.Release|Any CPU.Build.0 = Release|Any CPU
		{EC16E662-2B36-44DA-9306-0FCDC8B29AC8}.Debug|Any CPU.ActiveCfg = Debug|Any CPU
		{EC16E662-2B36-44DA-9306-0FCDC8B29AC8}.Debug|Any CPU.Build.0 = Debug|Any CPU
		{EC16E662-2B36-44DA-9306-0FCDC8B29AC8}.Release|Any CPU.ActiveCfg = Release|Any CPU
		{EC16E662-2B36-44DA-9306-0FCDC8B29AC8}.Release|Any CPU.Build.0 = Release|Any CPU
		{F0655F9A-AC94-44AC-ADA0-F4D2C7865A15}.Debug|Any CPU.ActiveCfg = Debug|Any CPU
		{F0655F9A-AC94-44AC-ADA0-F4D2C7865A15}.Debug|Any CPU.Build.0 = Debug|Any CPU
		{F0655F9A-AC94-44AC-ADA0-F4D2C7865A15}.Release|Any CPU.ActiveCfg = Release|Any CPU
		{F0655F9A-AC94-44AC-ADA0-F4D2C7865A15}.Release|Any CPU.Build.0 = Release|Any CPU
		{A85943C6-E642-4AFC-9795-1615001440C5}.Debug|Any CPU.ActiveCfg = Debug|Any CPU
		{A85943C6-E642-4AFC-9795-1615001440C5}.Debug|Any CPU.Build.0 = Debug|Any CPU
		{A85943C6-E642-4AFC-9795-1615001440C5}.Release|Any CPU.ActiveCfg = Release|Any CPU
		{A85943C6-E642-4AFC-9795-1615001440C5}.Release|Any CPU.Build.0 = Release|Any CPU
		{E6139FAD-B728-44C7-9B1E-3A70305E8FB9}.Debug|Any CPU.ActiveCfg = Debug|Any CPU
		{E6139FAD-B728-44C7-9B1E-3A70305E8FB9}.Debug|Any CPU.Build.0 = Debug|Any CPU
		{E6139FAD-B728-44C7-9B1E-3A70305E8FB9}.Release|Any CPU.ActiveCfg = Release|Any CPU
		{E6139FAD-B728-44C7-9B1E-3A70305E8FB9}.Release|Any CPU.Build.0 = Release|Any CPU
	EndGlobalSection
	GlobalSection(SolutionProperties) = preSolution
		HideSolutionNode = FALSE
	EndGlobalSection
	GlobalSection(NestedProjects) = preSolution
		{96ABF820-A5AB-453A-B1F1-F948BE8385F4} = {387773C7-79B2-4D8B-8243-1E683C5289B9}
		{12BDAA31-1D6A-4029-9222-9097381AAED5} = {387773C7-79B2-4D8B-8243-1E683C5289B9}
		{594B044F-404C-40E0-833D-067BF44CCC21} = {387773C7-79B2-4D8B-8243-1E683C5289B9}
		{8A92CF04-1E53-4E4F-8F1B-A6967ECA770B} = {4389529E-E392-46E4-A909-D5B86770A677}
		{6926392B-8E42-4FA3-9FF8-0D63902D8ADB} = {4389529E-E392-46E4-A909-D5B86770A677}
		{6C7F7E8B-EA1A-4AC3-B37A-3F1F44C8C9A6} = {4389529E-E392-46E4-A909-D5B86770A677}
		{6A562D77-71F0-49AA-B2C7-CA210D01556B} = {1E2C6822-D336-42A6-969D-B24BD94928C8}
		{C94B03CE-024F-477F-B89F-01E323AB64A2} = {1E2C6822-D336-42A6-969D-B24BD94928C8}
		{C22D39B4-FECC-4051-9A04-013FEBE44952} = {1E2C6822-D336-42A6-969D-B24BD94928C8}
		{63DCBA75-C0ED-462B-83CB-8699B3E454F7} = {52782BD6-D316-498D-802C-617C77F8F781}
		{A03EA97D-6571-4E5E-AB29-D9502D84F449} = {52782BD6-D316-498D-802C-617C77F8F781}
		{643FDABB-5880-4DD0-A3CD-C38311AA9F28} = {52782BD6-D316-498D-802C-617C77F8F781}
		{BBDBBE0B-F854-474B-82DF-5BC1A609511F} = {713108E0-E299-4FD2-B486-D5F454A5CB18}
		{F33C7ABD-B8D8-4D05-9991-A3D5F0C1648F} = {713108E0-E299-4FD2-B486-D5F454A5CB18}
		{EC16E662-2B36-44DA-9306-0FCDC8B29AC8} = {713108E0-E299-4FD2-B486-D5F454A5CB18}
		{F0655F9A-AC94-44AC-ADA0-F4D2C7865A15} = {8F83AAB5-858C-46AC-ABF8-EC93BCAFB08E}
		{A85943C6-E642-4AFC-9795-1615001440C5} = {8F83AAB5-858C-46AC-ABF8-EC93BCAFB08E}
		{E6139FAD-B728-44C7-9B1E-3A70305E8FB9} = {8F83AAB5-858C-46AC-ABF8-EC93BCAFB08E}
	EndGlobalSection
	GlobalSection(ExtensibilityGlobals) = postSolution
		SolutionGuid = {BAFA600A-B25E-4B71-BAA9-25843F68C048}
	EndGlobalSection
EndGlobal
